// !$*UTF8*$!
{
	archiveVersion = 1;
	classes = {
	};
	objectVersion = 50;
	objects = {

/* Begin PBXBuildFile section */
		F20A309820A440A800394C0A /* AppDelegate.swift in Sources */ = {isa = PBXBuildFile; fileRef = F20A309720A440A800394C0A /* AppDelegate.swift */; };
		F20A309A20A440A800394C0A /* StatisticInfoViewController.swift in Sources */ = {isa = PBXBuildFile; fileRef = F20A309920A440A800394C0A /* StatisticInfoViewController.swift */; };
		F20A309D20A440A800394C0A /* Main.storyboard in Resources */ = {isa = PBXBuildFile; fileRef = F20A309B20A440A800394C0A /* Main.storyboard */; };
		F20A309F20A440B500394C0A /* Assets.xcassets in Resources */ = {isa = PBXBuildFile; fileRef = F20A309E20A440B500394C0A /* Assets.xcassets */; };
		F20A30A220A440B500394C0A /* LaunchScreen.storyboard in Resources */ = {isa = PBXBuildFile; fileRef = F20A30A020A440B500394C0A /* LaunchScreen.storyboard */; };
		F20A30AB20A444F200394C0A /* StatisticTableViewController.swift in Sources */ = {isa = PBXBuildFile; fileRef = F20A30AA20A444F200394C0A /* StatisticTableViewController.swift */; };
		F20A30AD20A4634600394C0A /* StartingViewController.swift in Sources */ = {isa = PBXBuildFile; fileRef = F20A30AC20A4634600394C0A /* StartingViewController.swift */; };
		F20A30B020A475DD00394C0A /* SortEnums.swift in Sources */ = {isa = PBXBuildFile; fileRef = F20A30AF20A475DD00394C0A /* SortEnums.swift */; };
		F20A30B420A47AED00394C0A /* StaticInfoTableViewCell.swift in Sources */ = {isa = PBXBuildFile; fileRef = F20A30B320A47AED00394C0A /* StaticInfoTableViewCell.swift */; };
		F20A30B620A4869000394C0A /* SortModelProtocol.swift in Sources */ = {isa = PBXBuildFile; fileRef = F20A30B520A4869000394C0A /* SortModelProtocol.swift */; };
		F20A30B820A488DD00394C0A /* SortModel.swift in Sources */ = {isa = PBXBuildFile; fileRef = F20A30B720A488DD00394C0A /* SortModel.swift */; };
/* End PBXBuildFile section */

/* Begin PBXFileReference section */
		F20A309420A440A800394C0A /* SortStatistic.app */ = {isa = PBXFileReference; explicitFileType = wrapper.application; includeInIndex = 0; path = SortStatistic.app; sourceTree = BUILT_PRODUCTS_DIR; };
		F20A309720A440A800394C0A /* AppDelegate.swift */ = {isa = PBXFileReference; lastKnownFileType = sourcecode.swift; path = AppDelegate.swift; sourceTree = "<group>"; };
		F20A309920A440A800394C0A /* StatisticInfoViewController.swift */ = {isa = PBXFileReference; lastKnownFileType = sourcecode.swift; path = StatisticInfoViewController.swift; sourceTree = "<group>"; };
		F20A309C20A440A800394C0A /* Base */ = {isa = PBXFileReference; lastKnownFileType = file.storyboard; name = Base; path = Base.lproj/Main.storyboard; sourceTree = "<group>"; };
		F20A309E20A440B500394C0A /* Assets.xcassets */ = {isa = PBXFileReference; lastKnownFileType = folder.assetcatalog; path = Assets.xcassets; sourceTree = "<group>"; };
		F20A30A120A440B500394C0A /* Base */ = {isa = PBXFileReference; lastKnownFileType = file.storyboard; name = Base; path = Base.lproj/LaunchScreen.storyboard; sourceTree = "<group>"; };
		F20A30A320A440B500394C0A /* Info.plist */ = {isa = PBXFileReference; lastKnownFileType = text.plist.xml; path = Info.plist; sourceTree = "<group>"; };
		F20A30AA20A444F200394C0A /* StatisticTableViewController.swift */ = {isa = PBXFileReference; lastKnownFileType = sourcecode.swift; path = StatisticTableViewController.swift; sourceTree = "<group>"; };
		F20A30AC20A4634600394C0A /* StartingViewController.swift */ = {isa = PBXFileReference; lastKnownFileType = sourcecode.swift; path = StartingViewController.swift; sourceTree = "<group>"; };
		F20A30AF20A475DD00394C0A /* SortEnums.swift */ = {isa = PBXFileReference; lastKnownFileType = sourcecode.swift; path = SortEnums.swift; sourceTree = "<group>"; };
		F20A30B320A47AED00394C0A /* StaticInfoTableViewCell.swift */ = {isa = PBXFileReference; lastKnownFileType = sourcecode.swift; path = StaticInfoTableViewCell.swift; sourceTree = "<group>"; };
		F20A30B520A4869000394C0A /* SortModelProtocol.swift */ = {isa = PBXFileReference; lastKnownFileType = sourcecode.swift; path = SortModelProtocol.swift; sourceTree = "<group>"; };
		F20A30B720A488DD00394C0A /* SortModel.swift */ = {isa = PBXFileReference; lastKnownFileType = sourcecode.swift; path = SortModel.swift; sourceTree = "<group>"; };
/* End PBXFileReference section */

/* Begin PBXFrameworksBuildPhase section */
		F20A309120A440A800394C0A /* Frameworks */ = {
			isa = PBXFrameworksBuildPhase;
			buildActionMask = 2147483647;
			files = (
			);
			runOnlyForDeploymentPostprocessing = 0;
		};
/* End PBXFrameworksBuildPhase section */

/* Begin PBXGroup section */
		F20A308B20A440A800394C0A = {
			isa = PBXGroup;
			children = (
				F20A309620A440A800394C0A /* SortStatistic */,
				F20A309520A440A800394C0A /* Products */,
			);
			sourceTree = "<group>";
		};
		F20A309520A440A800394C0A /* Products */ = {
			isa = PBXGroup;
			children = (
				F20A309420A440A800394C0A /* SortStatistic.app */,
			);
			name = Products;
			sourceTree = "<group>";
		};
		F20A309620A440A800394C0A /* SortStatistic */ = {
			isa = PBXGroup;
			children = (
				F20A30AF20A475DD00394C0A /* SortEnums.swift */,
				F20A30B720A488DD00394C0A /* SortModel.swift */,
				F20A30BA20A48B0100394C0A /* UI Elements */,
				F20A30B920A48AF000394C0A /* Protocols */,
				F20A30AE20A4757F00394C0A /* ViewControllers */,
				F20A309B20A440A800394C0A /* Main.storyboard */,
				F20A30A320A440B500394C0A /* Info.plist */,
				F20A30A920A4434F00394C0A /* Supporting Files */,
			);
			path = SortStatistic;
			sourceTree = "<group>";
		};
		F20A30A920A4434F00394C0A /* Supporting Files */ = {
			isa = PBXGroup;
			children = (
				F20A309720A440A800394C0A /* AppDelegate.swift */,
				F20A309E20A440B500394C0A /* Assets.xcassets */,
				F20A30A020A440B500394C0A /* LaunchScreen.storyboard */,
			);
			path = "Supporting Files";
			sourceTree = "<group>";
		};
		F20A30AE20A4757F00394C0A /* ViewControllers */ = {
			isa = PBXGroup;
			children = (
				F20A30AC20A4634600394C0A /* StartingViewController.swift */,
				F20A309920A440A800394C0A /* StatisticInfoViewController.swift */,
				F20A30AA20A444F200394C0A /* StatisticTableViewController.swift */,
			);
			path = ViewControllers;
			sourceTree = "<group>";
		};
		F20A30B920A48AF000394C0A /* Protocols */ = {
			isa = PBXGroup;
			children = (
				F20A30B520A4869000394C0A /* SortModelProtocol.swift */,
			);
			path = Protocols;
			sourceTree = "<group>";
		};
		F20A30BA20A48B0100394C0A /* UI Elements */ = {
			isa = PBXGroup;
			children = (
				F20A30B320A47AED00394C0A /* StaticInfoTableViewCell.swift */,
			);
			path = "UI Elements";
			sourceTree = "<group>";
		};
/* End PBXGroup section */

/* Begin PBXNativeTarget section */
		F20A309320A440A800394C0A /* SortStatistic */ = {
			isa = PBXNativeTarget;
			buildConfigurationList = F20A30A620A440B500394C0A /* Build configuration list for PBXNativeTarget "SortStatistic" */;
			buildPhases = (
				F20A309020A440A800394C0A /* Sources */,
				F20A309120A440A800394C0A /* Frameworks */,
				F20A309220A440A800394C0A /* Resources */,
			);
			buildRules = (
			);
			dependencies = (
			);
			name = SortStatistic;
			productName = SortStatistic;
			productReference = F20A309420A440A800394C0A /* SortStatistic.app */;
			productType = "com.apple.product-type.application";
		};
/* End PBXNativeTarget section */

/* Begin PBXProject section */
		F20A308C20A440A800394C0A /* Project object */ = {
			isa = PBXProject;
			attributes = {
				LastSwiftUpdateCheck = 0930;
				LastUpgradeCheck = 0930;
				ORGANIZATIONNAME = "Oleksii Kolomiiets";
				TargetAttributes = {
					F20A309320A440A800394C0A = {
						CreatedOnToolsVersion = 9.3;
					};
				};
			};
			buildConfigurationList = F20A308F20A440A800394C0A /* Build configuration list for PBXProject "SortStatistic" */;
			compatibilityVersion = "Xcode 9.3";
			developmentRegion = en;
			hasScannedForEncodings = 0;
			knownRegions = (
				en,
				Base,
			);
			mainGroup = F20A308B20A440A800394C0A;
			productRefGroup = F20A309520A440A800394C0A /* Products */;
			projectDirPath = "";
			projectRoot = "";
			targets = (
				F20A309320A440A800394C0A /* SortStatistic */,
			);
		};
/* End PBXProject section */

/* Begin PBXResourcesBuildPhase section */
		F20A309220A440A800394C0A /* Resources */ = {
			isa = PBXResourcesBuildPhase;
			buildActionMask = 2147483647;
			files = (
				F20A30A220A440B500394C0A /* LaunchScreen.storyboard in Resources */,
				F20A309F20A440B500394C0A /* Assets.xcassets in Resources */,
				F20A309D20A440A800394C0A /* Main.storyboard in Resources */,
			);
			runOnlyForDeploymentPostprocessing = 0;
		};
/* End PBXResourcesBuildPhase section */

/* Begin PBXSourcesBuildPhase section */
		F20A309020A440A800394C0A /* Sources */ = {
			isa = PBXSourcesBuildPhase;
			buildActionMask = 2147483647;
			files = (
				F20A30B020A475DD00394C0A /* SortEnums.swift in Sources */,
				F20A30B620A4869000394C0A /* SortModelProtocol.swift in Sources */,
				F20A30AB20A444F200394C0A /* StatisticTableViewController.swift in Sources */,
				F20A30B820A488DD00394C0A /* SortModel.swift in Sources */,
				F20A30B420A47AED00394C0A /* StaticInfoTableViewCell.swift in Sources */,
				F20A309A20A440A800394C0A /* StatisticInfoViewController.swift in Sources */,
				F20A30AD20A4634600394C0A /* StartingViewController.swift in Sources */,
				F20A309820A440A800394C0A /* AppDelegate.swift in Sources */,
			);
			runOnlyForDeploymentPostprocessing = 0;
		};
/* End PBXSourcesBuildPhase section */

/* Begin PBXVariantGroup section */
		F20A309B20A440A800394C0A /* Main.storyboard */ = {
			isa = PBXVariantGroup;
			children = (
				F20A309C20A440A800394C0A /* Base */,
			);
			name = Main.storyboard;
			sourceTree = "<group>";
		};
		F20A30A020A440B500394C0A /* LaunchScreen.storyboard */ = {
			isa = PBXVariantGroup;
			children = (
				F20A30A120A440B500394C0A /* Base */,
			);
			name = LaunchScreen.storyboard;
			sourceTree = "<group>";
		};
/* End PBXVariantGroup section */

/* Begin XCBuildConfiguration section */
		F20A30A420A440B500394C0A /* Debug */ = {
			isa = XCBuildConfiguration;
			buildSettings = {
				ALWAYS_SEARCH_USER_PATHS = NO;
				CLANG_ANALYZER_NONNULL = YES;
				CLANG_ANALYZER_NUMBER_OBJECT_CONVERSION = YES_AGGRESSIVE;
				CLANG_CXX_LANGUAGE_STANDARD = "gnu++14";
				CLANG_CXX_LIBRARY = "libc++";
				CLANG_ENABLE_MODULES = YES;
				CLANG_ENABLE_OBJC_ARC = YES;
				CLANG_ENABLE_OBJC_WEAK = YES;
				CLANG_WARN_BLOCK_CAPTURE_AUTORELEASING = YES;
				CLANG_WARN_BOOL_CONVERSION = YES;
				CLANG_WARN_COMMA = YES;
				CLANG_WARN_CONSTANT_CONVERSION = YES;
				CLANG_WARN_DEPRECATED_OBJC_IMPLEMENTATIONS = YES;
				CLANG_WARN_DIRECT_OBJC_ISA_USAGE = YES_ERROR;
				CLANG_WARN_DOCUMENTATION_COMMENTS = YES;
				CLANG_WARN_EMPTY_BODY = YES;
				CLANG_WARN_ENUM_CONVERSION = YES;
				CLANG_WARN_INFINITE_RECURSION = YES;
				CLANG_WARN_INT_CONVERSION = YES;
				CLANG_WARN_NON_LITERAL_NULL_CONVERSION = YES;
				CLANG_WARN_OBJC_IMPLICIT_RETAIN_SELF = YES;
				CLANG_WARN_OBJC_LITERAL_CONVERSION = YES;
				CLANG_WARN_OBJC_ROOT_CLASS = YES_ERROR;
				CLANG_WARN_RANGE_LOOP_ANALYSIS = YES;
				CLANG_WARN_STRICT_PROTOTYPES = YES;
				CLANG_WARN_SUSPICIOUS_MOVE = YES;
				CLANG_WARN_UNGUARDED_AVAILABILITY = YES_AGGRESSIVE;
				CLANG_WARN_UNREACHABLE_CODE = YES;
				CLANG_WARN__DUPLICATE_METHOD_MATCH = YES;
				CODE_SIGN_IDENTITY = "iPhone Developer";
				COPY_PHASE_STRIP = NO;
				DEBUG_INFORMATION_FORMAT = dwarf;
				ENABLE_STRICT_OBJC_MSGSEND = YES;
				ENABLE_TESTABILITY = YES;
				GCC_C_LANGUAGE_STANDARD = gnu11;
				GCC_DYNAMIC_NO_PIC = NO;
				GCC_NO_COMMON_BLOCKS = YES;
				GCC_OPTIMIZATION_LEVEL = 0;
				GCC_PREPROCESSOR_DEFINITIONS = (
					"DEBUG=1",
					"$(inherited)",
				);
				GCC_WARN_64_TO_32_BIT_CONVERSION = YES;
				GCC_WARN_ABOUT_RETURN_TYPE = YES_ERROR;
				GCC_WARN_UNDECLARED_SELECTOR = YES;
				GCC_WARN_UNINITIALIZED_AUTOS = YES_AGGRESSIVE;
				GCC_WARN_UNUSED_FUNCTION = YES;
				GCC_WARN_UNUSED_VARIABLE = YES;
				IPHONEOS_DEPLOYMENT_TARGET = 11.3;
				MTL_ENABLE_DEBUG_INFO = YES;
				ONLY_ACTIVE_ARCH = YES;
				SDKROOT = iphoneos;
				SWIFT_ACTIVE_COMPILATION_CONDITIONS = DEBUG;
				SWIFT_OPTIMIZATION_LEVEL = "-Onone";
			};
			name = Debug;
		};
		F20A30A520A440B500394C0A /* Release */ = {
			isa = XCBuildConfiguration;
			buildSettings = {
				ALWAYS_SEARCH_USER_PATHS = NO;
				CLANG_ANALYZER_NONNULL = YES;
				CLANG_ANALYZER_NUMBER_OBJECT_CONVERSION = YES_AGGRESSIVE;
				CLANG_CXX_LANGUAGE_STANDARD = "gnu++14";
				CLANG_CXX_LIBRARY = "libc++";
				CLANG_ENABLE_MODULES = YES;
				CLANG_ENABLE_OBJC_ARC = YES;
				CLANG_ENABLE_OBJC_WEAK = YES;
				CLANG_WARN_BLOCK_CAPTURE_AUTORELEASING = YES;
				CLANG_WARN_BOOL_CONVERSION = YES;
				CLANG_WARN_COMMA = YES;
				CLANG_WARN_CONSTANT_CONVERSION = YES;
				CLANG_WARN_DEPRECATED_OBJC_IMPLEMENTATIONS = YES;
				CLANG_WARN_DIRECT_OBJC_ISA_USAGE = YES_ERROR;
				CLANG_WARN_DOCUMENTATION_COMMENTS = YES;
				CLANG_WARN_EMPTY_BODY = YES;
				CLANG_WARN_ENUM_CONVERSION = YES;
				CLANG_WARN_INFINITE_RECURSION = YES;
				CLANG_WARN_INT_CONVERSION = YES;
				CLANG_WARN_NON_LITERAL_NULL_CONVERSION = YES;
				CLANG_WARN_OBJC_IMPLICIT_RETAIN_SELF = YES;
				CLANG_WARN_OBJC_LITERAL_CONVERSION = YES;
				CLANG_WARN_OBJC_ROOT_CLASS = YES_ERROR;
				CLANG_WARN_RANGE_LOOP_ANALYSIS = YES;
				CLANG_WARN_STRICT_PROTOTYPES = YES;
				CLANG_WARN_SUSPICIOUS_MOVE = YES;
				CLANG_WARN_UNGUARDED_AVAILABILITY = YES_AGGRESSIVE;
				CLANG_WARN_UNREACHABLE_CODE = YES;
				CLANG_WARN__DUPLICATE_METHOD_MATCH = YES;
				CODE_SIGN_IDENTITY = "iPhone Developer";
				COPY_PHASE_STRIP = NO;
				DEBUG_INFORMATION_FORMAT = "dwarf-with-dsym";
				ENABLE_NS_ASSERTIONS = NO;
				ENABLE_STRICT_OBJC_MSGSEND = YES;
				GCC_C_LANGUAGE_STANDARD = gnu11;
				GCC_NO_COMMON_BLOCKS = YES;
				GCC_WARN_64_TO_32_BIT_CONVERSION = YES;
				GCC_WARN_ABOUT_RETURN_TYPE = YES_ERROR;
				GCC_WARN_UNDECLARED_SELECTOR = YES;
				GCC_WARN_UNINITIALIZED_AUTOS = YES_AGGRESSIVE;
				GCC_WARN_UNUSED_FUNCTION = YES;
				GCC_WARN_UNUSED_VARIABLE = YES;
				IPHONEOS_DEPLOYMENT_TARGET = 11.3;
				MTL_ENABLE_DEBUG_INFO = NO;
				SDKROOT = iphoneos;
				SWIFT_COMPILATION_MODE = wholemodule;
				SWIFT_OPTIMIZATION_LEVEL = "-O";
				VALIDATE_PRODUCT = YES;
			};
			name = Release;
		};
		F20A30A720A440B500394C0A /* Debug */ = {
			isa = XCBuildConfiguration;
			buildSettings = {
				ASSETCATALOG_COMPILER_APPICON_NAME = AppIcon;
				CODE_SIGN_STYLE = Automatic;
				INFOPLIST_FILE = SortStatistic/Info.plist;
				LD_RUNPATH_SEARCH_PATHS = (
					"$(inherited)",
					"@executable_path/Frameworks",
				);
				PRODUCT_BUNDLE_IDENTIFIER = "Oleksii-Kolomiiets-.SortStatistic";
				PRODUCT_NAME = "$(TARGET_NAME)";
				SWIFT_VERSION = 4.0;
				TARGETED_DEVICE_FAMILY = "1,2";
			};
			name = Debug;
		};
		F20A30A820A440B500394C0A /* Release */ = {
			isa = XCBuildConfiguration;
			buildSettings = {
				ASSETCATALOG_COMPILER_APPICON_NAME = AppIcon;
				CODE_SIGN_STYLE = Automatic;
				INFOPLIST_FILE = SortStatistic/Info.plist;
				LD_RUNPATH_SEARCH_PATHS = (
					"$(inherited)",
					"@executable_path/Frameworks",
				);
				PRODUCT_BUNDLE_IDENTIFIER = "Oleksii-Kolomiiets-.SortStatistic";
				PRODUCT_NAME = "$(TARGET_NAME)";
				SWIFT_VERSION = 4.0;
				TARGETED_DEVICE_FAMILY = "1,2";
			};
			name = Release;
		};
/* End XCBuildConfiguration section */

/* Begin XCConfigurationList section */
		F20A308F20A440A800394C0A /* Build configuration list for PBXProject "SortStatistic" */ = {
			isa = XCConfigurationList;
			buildConfigurations = (
				F20A30A420A440B500394C0A /* Debug */,
				F20A30A520A440B500394C0A /* Release */,
			);
			defaultConfigurationIsVisible = 0;
			defaultConfigurationName = Release;
		};
		F20A30A620A440B500394C0A /* Build configuration list for PBXNativeTarget "SortStatistic" */ = {
			isa = XCConfigurationList;
			buildConfigurations = (
				F20A30A720A440B500394C0A /* Debug */,
				F20A30A820A440B500394C0A /* Release */,
			);
			defaultConfigurationIsVisible = 0;
			defaultConfigurationName = Release;
		};
/* End XCConfigurationList section */
	};
	rootObject = F20A308C20A440A800394C0A /* Project object */;
}
